{
  "name": "@kospa/router",
  "version": "0.1.1",
  "lockfileVersion": 1,
  "requires": true,
  "dependencies": {
    "@kospa/base": {
      "version": "0.1.5",
      "resolved": "https://registry.npmjs.org/@kospa/base/-/base-0.1.5.tgz",
      "integrity": "sha512-ZZqfIoDbWWeFtC1q+eJSh8rY0QJi8hud2r8hBhb2AZACIHlcjOxS6edHkJsb2CDgxAAyxEf0YK2Pl05SIW1q6g==",
      "requires": {
        "@types/knockout": "github:typed-contrib/knockout#d83ce9a3ad5f2ddaf1044ed9aebe9f410f84d36f",
        "knockout": "^3.4.0"
      },
      "dependencies": {
        "@types/knockout": {
          "version": "github:typed-contrib/knockout#d83ce9a3ad5f2ddaf1044ed9aebe9f410f84d36f",
          "from": "@types/knockout@github:typed-contrib/knockout#d83ce9a3ad5f2ddaf1044ed9aebe9f410f84d36f"
        }
      }
    },
    "knockout": {
      "version": "3.4.2",
      "resolved": "https://registry.npmjs.org/knockout/-/knockout-3.4.2.tgz",
      "integrity": "sha1-6HlY3netHpNvfOZFuri118RW2Tc="
    },
    "typescript": {
      "version": "3.3.3",
      "resolved": "https://registry.npmjs.org/typescript/-/typescript-3.3.3.tgz",
      "integrity": "sha512-Y21Xqe54TBVp+VDSNbuDYdGw0BpoR/Q6wo/+35M8PAU0vipahnyduJWirxxdxjsAkS7hue53x2zp8gz7F05u0A==",
      "dev": true
    }
  }
}
